
Microsoft Visual Studio Solution File, Format Version 12.00
# Visual Studio Version 17
VisualStudioVersion = 17.2.32505.173
MinimumVisualStudioVersion = 10.0.40219.1
Project("{9A19103F-16F7-4668-BE54-9A1E7A4F7556}") = "collector", "collector\collector.csproj", "{BDE7C7AD-6734-4C40-916C-A2B98BB3FF01}"
EndProject
Project("{9A19103F-16F7-4668-BE54-9A1E7A4F7556}") = "api", "api\api.csproj", "{290EF260-FF3B-43E1-9F2C-CF7822312D31}"
EndProject
Project("{E53339B2-1760-4266-BCC7-CA923CBCF16C}") = "docker-compose", "docker-compose.dcproj", "{24100FF6-BBF4-4436-8A02-6EBD6E98AD45}"
EndProject
Global
	GlobalSection(SolutionConfigurationPlatforms) = preSolution
		Debug|Any CPU = Debug|Any CPU
		Release|Any CPU = Release|Any CPU
	EndGlobalSection
	GlobalSection(ProjectConfigurationPlatforms) = postSolution
		{BDE7C7AD-6734-4C40-916C-A2B98BB3FF01}.Debug|Any CPU.ActiveCfg = Debug|Any CPU
		{BDE7C7AD-6734-4C40-916C-A2B98BB3FF01}.Debug|Any CPU.Build.0 = Debug|Any CPU
		{BDE7C7AD-6734-4C40-916C-A2B98BB3FF01}.Release|Any CPU.ActiveCfg = Release|Any CPU
		{BDE7C7AD-6734-4C40-916C-A2B98BB3FF01}.Release|Any CPU.Build.0 = Release|Any CPU
		{290EF260-FF3B-43E1-9F2C-CF7822312D31}.Debug|Any CPU.ActiveCfg = Debug|Any CPU
		{290EF260-FF3B-43E1-9F2C-CF7822312D31}.Debug|Any CPU.Build.0 = Debug|Any CPU
		{290EF260-FF3B-43E1-9F2C-CF7822312D31}.Release|Any CPU.ActiveCfg = Release|Any CPU
		{290EF260-FF3B-43E1-9F2C-CF7822312D31}.Release|Any CPU.Build.0 = Release|Any CPU
		{24100FF6-BBF4-4436-8A02-6EBD6E98AD45}.Debug|Any CPU.ActiveCfg = Debug|Any CPU
		{24100FF6-BBF4-4436-8A02-6EBD6E98AD45}.Debug|Any CPU.Build.0 = Debug|Any CPU
		{24100FF6-BBF4-4436-8A02-6EBD6E98AD45}.Release|Any CPU.ActiveCfg = Release|Any CPU
		{24100FF6-BBF4-4436-8A02-6EBD6E98AD45}.Release|Any CPU.Build.0 = Release|Any CPU
	EndGlobalSection
	GlobalSection(SolutionProperties) = preSolution
		HideSolutionNode = FALSE
	EndGlobalSection
	GlobalSection(ExtensibilityGlobals) = postSolution
		SolutionGuid = {27B5270D-5245-4F94-A65C-156CAB37CC89}
	EndGlobalSection
EndGlobal
